
Microsoft Visual Studio Solution File, Format Version 12.00
# Visual Studio Version 17
VisualStudioVersion = 17.0.31612.314
MinimumVisualStudioVersion = 10.0.40219.1
Project("{2150E333-8FDC-42A3-9474-1A3956D46DE8}") = "Services", "Services", "{E20DB040-6EE0-4C37-B173-A701C3B0360F}"
EndProject
Project("{2150E333-8FDC-42A3-9474-1A3956D46DE8}") = "Catralog", "Catralog", "{1CE10655-7FFA-4B8F-BC3E-327490878671}"
EndProject
Project("{9A19103F-16F7-4668-BE54-9A1E7A4F7556}") = "FreeCourse.Services.Catalog", "Services\Catalog\FreeCourse.Services.Catalog\FreeCourse.Services.Catalog.csproj", "{CEE69051-F24E-4282-9986-F22B17CC6B13}"
EndProject
Project("{2150E333-8FDC-42A3-9474-1A3956D46DE8}") = "Solution Items", "Solution Items", "{B3301E92-5822-4098-880E-C47CB47B9096}"
	ProjectSection(SolutionItems) = preProject
		Ports.txt = Ports.txt
	EndProjectSection
EndProject
Project("{2150E333-8FDC-42A3-9474-1A3956D46DE8}") = "Shared", "Shared", "{2597BDEF-ED10-4094-99C7-B61FAE3D77B0}"
EndProject
Project("{9A19103F-16F7-4668-BE54-9A1E7A4F7556}") = "FreeCourse.Shared", "Shared\FreeCourse.Shared\FreeCourse.Shared.csproj", "{7AC65CEB-0B7C-4979-B526-16B4EBEA885E}"
EndProject
Project("{2150E333-8FDC-42A3-9474-1A3956D46DE8}") = "IdentityServer", "IdentityServer", "{42D7DF32-3044-4664-B701-6ADED5BBBF63}"
EndProject
Project("{9A19103F-16F7-4668-BE54-9A1E7A4F7556}") = "FreeCourse.IdentityServer", "IdentityServer\FreeCourse.IdentityServer\FreeCourse.IdentityServer.csproj", "{42ACA4BC-F964-4AD5-BFFD-F6E8FA9ED91A}"
EndProject
Project("{2150E333-8FDC-42A3-9474-1A3956D46DE8}") = "PhotoStock", "PhotoStock", "{0CDADA0F-36E4-4140-A7E1-C5E9DF27EC91}"
EndProject
Project("{9A19103F-16F7-4668-BE54-9A1E7A4F7556}") = "FreeCourse.Services.PhotoStock", "Services\PhotoStock\FreeCourse.Services.PhotoStock\FreeCourse.Services.PhotoStock.csproj", "{DFC47643-F1CC-4C69-9232-AC3FC447DD08}"
EndProject
Project("{2150E333-8FDC-42A3-9474-1A3956D46DE8}") = "Basket", "Basket", "{5F78B172-B17A-4B2F-9C23-92A388FA51A6}"
EndProject
Project("{9A19103F-16F7-4668-BE54-9A1E7A4F7556}") = "FreeCourse.Services.Basket", "Services\Basket\FreeCourse.Services.Basket\FreeCourse.Services.Basket.csproj", "{B4B933D7-E5BE-41BD-AD8A-CBF3CF8F66A4}"
EndProject
Project("{2150E333-8FDC-42A3-9474-1A3956D46DE8}") = "Discount", "Discount", "{AC6333BE-8814-4959-A361-944A5CE27992}"
EndProject
Project("{9A19103F-16F7-4668-BE54-9A1E7A4F7556}") = "FreeCourse.Services.Discount", "Services\Discount\FreeCourse.Services.Discount\FreeCourse.Services.Discount.csproj", "{651D5098-C291-48DF-B1A1-025BCD243758}"
EndProject
Project("{2150E333-8FDC-42A3-9474-1A3956D46DE8}") = "Order", "Order", "{91F350B9-769C-40FB-B983-D25DC79425C3}"
EndProject
Project("{9A19103F-16F7-4668-BE54-9A1E7A4F7556}") = "FreeCourse.Services.Order.API", "Services\Order\FreeCourse.Services.Order.API\FreeCourse.Services.Order.API.csproj", "{E339E40A-50EF-4071-8F71-056DF7188377}"
EndProject
Project("{9A19103F-16F7-4668-BE54-9A1E7A4F7556}") = "FreeCourse.Services.Order.Application", "Services\Order\FreeCourse.Services.Order.Application\FreeCourse.Services.Order.Application.csproj", "{5BCF276E-CBA2-4ACF-A7A0-3456ECEE61E0}"
EndProject
Project("{9A19103F-16F7-4668-BE54-9A1E7A4F7556}") = "FreeCourse.Services.Order.Domain.Core", "Services\Order\FreeCourse.Services.Order.Domain.Core\FreeCourse.Services.Order.Domain.Core.csproj", "{C162D96A-8246-48A3-8713-5DACDAA4D309}"
EndProject
Project("{9A19103F-16F7-4668-BE54-9A1E7A4F7556}") = "FreeCourse.Services.Order.Domain", "Services\Order\FreeCourse.Services.Order.Domain\FreeCourse.Services.Order.Domain.csproj", "{1DCCAD62-2457-4568-809F-2A8D9A760FE9}"
EndProject
Project("{9A19103F-16F7-4668-BE54-9A1E7A4F7556}") = "FreeCourse.Services.Order.Infrastructure", "Services\Order\FreeCourse.Services.Order.Infrastructure\FreeCourse.Services.Order.Infrastructure.csproj", "{F29251D1-0C4A-42C8-8580-23033497BE9C}"
EndProject
Project("{2150E333-8FDC-42A3-9474-1A3956D46DE8}") = "FakePayment", "FakePayment", "{315DE6F3-0224-4CEE-89F0-33E001C02B65}"
EndProject
Project("{9A19103F-16F7-4668-BE54-9A1E7A4F7556}") = "FreeCourse.Services.FakePayment", "Services\FakePayment\FreeCourse.Services.FakePayment\FreeCourse.Services.FakePayment.csproj", "{8413E370-E60A-41FA-A3A6-4A230344CAD6}"
EndProject
Project("{2150E333-8FDC-42A3-9474-1A3956D46DE8}") = "Gateways", "Gateways", "{0B749DA1-67BB-42DA-A0FB-DDA2D6AD5AE8}"
EndProject
Project("{9A19103F-16F7-4668-BE54-9A1E7A4F7556}") = "FreeCourse.Gateway", "Gateways\FreeCourse.Gateway\FreeCourse.Gateway.csproj", "{ECB2B071-3EF7-44D8-976E-D6B40FA96F9B}"
EndProject
Project("{2150E333-8FDC-42A3-9474-1A3956D46DE8}") = "Frontends", "Frontends", "{F28190FE-3AF7-4EF2-AEED-A4E385BDBE9B}"
EndProject
Global
	GlobalSection(SolutionConfigurationPlatforms) = preSolution
		Debug|Any CPU = Debug|Any CPU
		Release|Any CPU = Release|Any CPU
	EndGlobalSection
	GlobalSection(ProjectConfigurationPlatforms) = postSolution
		{CEE69051-F24E-4282-9986-F22B17CC6B13}.Debug|Any CPU.ActiveCfg = Debug|Any CPU
		{CEE69051-F24E-4282-9986-F22B17CC6B13}.Debug|Any CPU.Build.0 = Debug|Any CPU
		{CEE69051-F24E-4282-9986-F22B17CC6B13}.Release|Any CPU.ActiveCfg = Release|Any CPU
		{CEE69051-F24E-4282-9986-F22B17CC6B13}.Release|Any CPU.Build.0 = Release|Any CPU
		{7AC65CEB-0B7C-4979-B526-16B4EBEA885E}.Debug|Any CPU.ActiveCfg = Debug|Any CPU
		{7AC65CEB-0B7C-4979-B526-16B4EBEA885E}.Debug|Any CPU.Build.0 = Debug|Any CPU
		{7AC65CEB-0B7C-4979-B526-16B4EBEA885E}.Release|Any CPU.ActiveCfg = Release|Any CPU
		{7AC65CEB-0B7C-4979-B526-16B4EBEA885E}.Release|Any CPU.Build.0 = Release|Any CPU
		{42ACA4BC-F964-4AD5-BFFD-F6E8FA9ED91A}.Debug|Any CPU.ActiveCfg = Debug|Any CPU
		{42ACA4BC-F964-4AD5-BFFD-F6E8FA9ED91A}.Debug|Any CPU.Build.0 = Debug|Any CPU
		{42ACA4BC-F964-4AD5-BFFD-F6E8FA9ED91A}.Release|Any CPU.ActiveCfg = Release|Any CPU
		{42ACA4BC-F964-4AD5-BFFD-F6E8FA9ED91A}.Release|Any CPU.Build.0 = Release|Any CPU
		{DFC47643-F1CC-4C69-9232-AC3FC447DD08}.Debug|Any CPU.ActiveCfg = Debug|Any CPU
		{DFC47643-F1CC-4C69-9232-AC3FC447DD08}.Debug|Any CPU.Build.0 = Debug|Any CPU
		{DFC47643-F1CC-4C69-9232-AC3FC447DD08}.Release|Any CPU.ActiveCfg = Release|Any CPU
		{DFC47643-F1CC-4C69-9232-AC3FC447DD08}.Release|Any CPU.Build.0 = Release|Any CPU
		{B4B933D7-E5BE-41BD-AD8A-CBF3CF8F66A4}.Debug|Any CPU.ActiveCfg = Debug|Any CPU
		{B4B933D7-E5BE-41BD-AD8A-CBF3CF8F66A4}.Debug|Any CPU.Build.0 = Debug|Any CPU
		{B4B933D7-E5BE-41BD-AD8A-CBF3CF8F66A4}.Release|Any CPU.ActiveCfg = Release|Any CPU
		{B4B933D7-E5BE-41BD-AD8A-CBF3CF8F66A4}.Release|Any CPU.Build.0 = Release|Any CPU
		{651D5098-C291-48DF-B1A1-025BCD243758}.Debug|Any CPU.ActiveCfg = Debug|Any CPU
		{651D5098-C291-48DF-B1A1-025BCD243758}.Debug|Any CPU.Build.0 = Debug|Any CPU
		{651D5098-C291-48DF-B1A1-025BCD243758}.Release|Any CPU.ActiveCfg = Release|Any CPU
		{651D5098-C291-48DF-B1A1-025BCD243758}.Release|Any CPU.Build.0 = Release|Any CPU
		{E339E40A-50EF-4071-8F71-056DF7188377}.Debug|Any CPU.ActiveCfg = Debug|Any CPU
		{E339E40A-50EF-4071-8F71-056DF7188377}.Debug|Any CPU.Build.0 = Debug|Any CPU
		{E339E40A-50EF-4071-8F71-056DF7188377}.Release|Any CPU.ActiveCfg = Release|Any CPU
		{E339E40A-50EF-4071-8F71-056DF7188377}.Release|Any CPU.Build.0 = Release|Any CPU
		{5BCF276E-CBA2-4ACF-A7A0-3456ECEE61E0}.Debug|Any CPU.ActiveCfg = Debug|Any CPU
		{5BCF276E-CBA2-4ACF-A7A0-3456ECEE61E0}.Debug|Any CPU.Build.0 = Debug|Any CPU
		{5BCF276E-CBA2-4ACF-A7A0-3456ECEE61E0}.Release|Any CPU.ActiveCfg = Release|Any CPU
		{5BCF276E-CBA2-4ACF-A7A0-3456ECEE61E0}.Release|Any CPU.Build.0 = Release|Any CPU
		{C162D96A-8246-48A3-8713-5DACDAA4D309}.Debug|Any CPU.ActiveCfg = Debug|Any CPU
		{C162D96A-8246-48A3-8713-5DACDAA4D309}.Debug|Any CPU.Build.0 = Debug|Any CPU
		{C162D96A-8246-48A3-8713-5DACDAA4D309}.Release|Any CPU.ActiveCfg = Release|Any CPU
		{C162D96A-8246-48A3-8713-5DACDAA4D309}.Release|Any CPU.Build.0 = Release|Any CPU
		{1DCCAD62-2457-4568-809F-2A8D9A760FE9}.Debug|Any CPU.ActiveCfg = Debug|Any CPU
		{1DCCAD62-2457-4568-809F-2A8D9A760FE9}.Debug|Any CPU.Build.0 = Debug|Any CPU
		{1DCCAD62-2457-4568-809F-2A8D9A760FE9}.Release|Any CPU.ActiveCfg = Release|Any CPU
		{1DCCAD62-2457-4568-809F-2A8D9A760FE9}.Release|Any CPU.Build.0 = Release|Any CPU
		{F29251D1-0C4A-42C8-8580-23033497BE9C}.Debug|Any CPU.ActiveCfg = Debug|Any CPU
		{F29251D1-0C4A-42C8-8580-23033497BE9C}.Debug|Any CPU.Build.0 = Debug|Any CPU
		{F29251D1-0C4A-42C8-8580-23033497BE9C}.Release|Any CPU.ActiveCfg = Release|Any CPU
		{F29251D1-0C4A-42C8-8580-23033497BE9C}.Release|Any CPU.Build.0 = Release|Any CPU
		{8413E370-E60A-41FA-A3A6-4A230344CAD6}.Debug|Any CPU.ActiveCfg = Debug|Any CPU
		{8413E370-E60A-41FA-A3A6-4A230344CAD6}.Debug|Any CPU.Build.0 = Debug|Any CPU
		{8413E370-E60A-41FA-A3A6-4A230344CAD6}.Release|Any CPU.ActiveCfg = Release|Any CPU
		{8413E370-E60A-41FA-A3A6-4A230344CAD6}.Release|Any CPU.Build.0 = Release|Any CPU
		{ECB2B071-3EF7-44D8-976E-D6B40FA96F9B}.Debug|Any CPU.ActiveCfg = Debug|Any CPU
		{ECB2B071-3EF7-44D8-976E-D6B40FA96F9B}.Debug|Any CPU.Build.0 = Debug|Any CPU
		{ECB2B071-3EF7-44D8-976E-D6B40FA96F9B}.Release|Any CPU.ActiveCfg = Release|Any CPU
		{ECB2B071-3EF7-44D8-976E-D6B40FA96F9B}.Release|Any CPU.Build.0 = Release|Any CPU
	EndGlobalSection
	GlobalSection(SolutionProperties) = preSolution
		HideSolutionNode = FALSE
	EndGlobalSection
	GlobalSection(NestedProjects) = preSolution
		{1CE10655-7FFA-4B8F-BC3E-327490878671} = {E20DB040-6EE0-4C37-B173-A701C3B0360F}
		{CEE69051-F24E-4282-9986-F22B17CC6B13} = {1CE10655-7FFA-4B8F-BC3E-327490878671}
		{7AC65CEB-0B7C-4979-B526-16B4EBEA885E} = {2597BDEF-ED10-4094-99C7-B61FAE3D77B0}
		{42ACA4BC-F964-4AD5-BFFD-F6E8FA9ED91A} = {42D7DF32-3044-4664-B701-6ADED5BBBF63}
		{0CDADA0F-36E4-4140-A7E1-C5E9DF27EC91} = {E20DB040-6EE0-4C37-B173-A701C3B0360F}
		{DFC47643-F1CC-4C69-9232-AC3FC447DD08} = {0CDADA0F-36E4-4140-A7E1-C5E9DF27EC91}
		{5F78B172-B17A-4B2F-9C23-92A388FA51A6} = {E20DB040-6EE0-4C37-B173-A701C3B0360F}
		{B4B933D7-E5BE-41BD-AD8A-CBF3CF8F66A4} = {5F78B172-B17A-4B2F-9C23-92A388FA51A6}
		{AC6333BE-8814-4959-A361-944A5CE27992} = {E20DB040-6EE0-4C37-B173-A701C3B0360F}
		{651D5098-C291-48DF-B1A1-025BCD243758} = {AC6333BE-8814-4959-A361-944A5CE27992}
		{91F350B9-769C-40FB-B983-D25DC79425C3} = {E20DB040-6EE0-4C37-B173-A701C3B0360F}
		{E339E40A-50EF-4071-8F71-056DF7188377} = {91F350B9-769C-40FB-B983-D25DC79425C3}
		{5BCF276E-CBA2-4ACF-A7A0-3456ECEE61E0} = {91F350B9-769C-40FB-B983-D25DC79425C3}
		{C162D96A-8246-48A3-8713-5DACDAA4D309} = {91F350B9-769C-40FB-B983-D25DC79425C3}
		{1DCCAD62-2457-4568-809F-2A8D9A760FE9} = {91F350B9-769C-40FB-B983-D25DC79425C3}
		{F29251D1-0C4A-42C8-8580-23033497BE9C} = {91F350B9-769C-40FB-B983-D25DC79425C3}
		{315DE6F3-0224-4CEE-89F0-33E001C02B65} = {E20DB040-6EE0-4C37-B173-A701C3B0360F}
		{8413E370-E60A-41FA-A3A6-4A230344CAD6} = {315DE6F3-0224-4CEE-89F0-33E001C02B65}
		{ECB2B071-3EF7-44D8-976E-D6B40FA96F9B} = {0B749DA1-67BB-42DA-A0FB-DDA2D6AD5AE8}
	EndGlobalSection
	GlobalSection(ExtensibilityGlobals) = postSolution
		SolutionGuid = {C0731455-6E74-4EA7-9BFB-95AFE86C181D}
	EndGlobalSection
EndGlobal
